{
    "_readme": [
        "This file locks the dependencies of your project to a known state",
        "Read more about it at https://getcomposer.org/doc/01-basic-usage.md#composer-lock-the-lock-file",
        "This file is @generated automatically"
    ],
    "hash": "1e7493f52f0dd80cee2ec087c1aa4280",
    "content-hash": "d4713b741bdeafebb778d83c3ad2bbb0",
    "packages": [],
    "packages-dev": [],
    "aliases": [],
    "minimum-stability": "stable",
    "stability-flags": [],
    "prefer-stable": false,
    "prefer-lowest": false,
    "platform": {
        "php": "~5.6.0",
        "ext-mbstring": "*"
    },
    "platform-dev": []
}
